
Microsoft Visual Studio Solution File, Format Version 12.00
# Visual Studio Version 16
VisualStudioVersion = 16.0.32228.343
MinimumVisualStudioVersion = 10.0.40219.1
Project("{9A19103F-16F7-4668-BE54-9A1E7A4F7556}") = "DeskLinkServer", "DeskLinkServer\DeskLinkServer.csproj", "{E1657E58-A2CD-433C-873E-18D9A06236CB}"
EndProject
Global
	GlobalSection(SolutionConfigurationPlatforms) = preSolution
		Debug|Any CPU = Debug|Any CPU
		Release|Any CPU = Release|Any CPU
	EndGlobalSection
	GlobalSection(ProjectConfigurationPlatforms) = postSolution
		{E1657E58-A2CD-433C-873E-18D9A06236CB}.Debug|Any CPU.ActiveCfg = Debug|Any CPU
		{E1657E58-A2CD-433C-873E-18D9A06236CB}.Debug|Any CPU.Build.0 = Debug|Any CPU
		{E1657E58-A2CD-433C-873E-18D9A06236CB}.Release|Any CPU.ActiveCfg = Release|Any CPU
		{E1657E58-A2CD-433C-873E-18D9A06236CB}.Release|Any CPU.Build.0 = Release|Any CPU
	EndGlobalSection
	GlobalSection(SolutionProperties) = preSolution
		HideSolutionNode = FALSE
	EndGlobalSection
	GlobalSection(ExtensibilityGlobals) = postSolution
		SolutionGuid = {FD751D37-B236-4B3A-A267-7C43C732F771}
	EndGlobalSection
EndGlobal
